// !$*UTF8*$!
{
	archiveVersion = 1;
	classes = {
	};
	objectVersion = 55;
	objects = {

/* Begin PBXBuildFile section */
		BD26375427F12F21001C5E38 /* Authentication.swift in Sources */ = {isa = PBXBuildFile; fileRef = BD26375327F12F21001C5E38 /* Authentication.swift */; };
		BD26375527F12F21001C5E38 /* Authentication.swift in Sources */ = {isa = PBXBuildFile; fileRef = BD26375327F12F21001C5E38 /* Authentication.swift */; };
		BD26375927F1482B001C5E38 /* NetworkExtension.framework in Frameworks */ = {isa = PBXBuildFile; fileRef = BD26375827F1482B001C5E38 /* NetworkExtension.framework */; };
		BDAB6AF127D0FB9600BA4F0B /* Tests_iOS.swift in Sources */ = {isa = PBXBuildFile; fileRef = BDAB6AF027D0FB9600BA4F0B /* Tests_iOS.swift */; };
		BDAB6AF327D0FB9600BA4F0B /* Tests_iOSLaunchTests.swift in Sources */ = {isa = PBXBuildFile; fileRef = BDAB6AF227D0FB9600BA4F0B /* Tests_iOSLaunchTests.swift */; };
		BDAB6AFD27D0FB9600BA4F0B /* Tests_macOS.swift in Sources */ = {isa = PBXBuildFile; fileRef = BDAB6AFC27D0FB9600BA4F0B /* Tests_macOS.swift */; };
		BDAB6AFF27D0FB9700BA4F0B /* Tests_macOSLaunchTests.swift in Sources */ = {isa = PBXBuildFile; fileRef = BDAB6AFE27D0FB9700BA4F0B /* Tests_macOSLaunchTests.swift */; };
		BDAB6B0027D0FB9700BA4F0B /* ElsaClientApp.swift in Sources */ = {isa = PBXBuildFile; fileRef = BDAB6AD827D0FB9500BA4F0B /* ElsaClientApp.swift */; };
		BDAB6B0127D0FB9700BA4F0B /* ElsaClientApp.swift in Sources */ = {isa = PBXBuildFile; fileRef = BDAB6AD827D0FB9500BA4F0B /* ElsaClientApp.swift */; };
		BDAB6B0227D0FB9700BA4F0B /* ContentView.swift in Sources */ = {isa = PBXBuildFile; fileRef = BDAB6AD927D0FB9500BA4F0B /* ContentView.swift */; };
		BDAB6B0327D0FB9700BA4F0B /* ContentView.swift in Sources */ = {isa = PBXBuildFile; fileRef = BDAB6AD927D0FB9500BA4F0B /* ContentView.swift */; };
		BDAB6B0427D0FB9700BA4F0B /* Assets.xcassets in Resources */ = {isa = PBXBuildFile; fileRef = BDAB6ADA27D0FB9600BA4F0B /* Assets.xcassets */; };
		BDAB6B0527D0FB9700BA4F0B /* Assets.xcassets in Resources */ = {isa = PBXBuildFile; fileRef = BDAB6ADA27D0FB9600BA4F0B /* Assets.xcassets */; };
		BDBE4D7227ED07B80043F1A5 /* DictionaryWord.swift in Sources */ = {isa = PBXBuildFile; fileRef = BDBE4D7127ED07B80043F1A5 /* DictionaryWord.swift */; };
		BDBE4D7327ED07B80043F1A5 /* DictionaryWord.swift in Sources */ = {isa = PBXBuildFile; fileRef = BDBE4D7127ED07B80043F1A5 /* DictionaryWord.swift */; };
		BDBE4D7527ED07DC0043F1A5 /* DictionaryWordView.swift in Sources */ = {isa = PBXBuildFile; fileRef = BDBE4D7427ED07DC0043F1A5 /* DictionaryWordView.swift */; };
		BDBE4D7627ED07DC0043F1A5 /* DictionaryWordView.swift in Sources */ = {isa = PBXBuildFile; fileRef = BDBE4D7427ED07DC0043F1A5 /* DictionaryWordView.swift */; };
/* End PBXBuildFile section */

/* Begin PBXContainerItemProxy section */
		BDAB6AED27D0FB9600BA4F0B /* PBXContainerItemProxy */ = {
			isa = PBXContainerItemProxy;
			containerPortal = BDAB6AD327D0FB9400BA4F0B /* Project object */;
			proxyType = 1;
			remoteGlobalIDString = BDAB6ADE27D0FB9600BA4F0B;
			remoteInfo = "ElsaClient (iOS)";
		};
		BDAB6AF927D0FB9600BA4F0B /* PBXContainerItemProxy */ = {
			isa = PBXContainerItemProxy;
			containerPortal = BDAB6AD327D0FB9400BA4F0B /* Project object */;
			proxyType = 1;
			remoteGlobalIDString = BDAB6AE427D0FB9600BA4F0B;
			remoteInfo = "ElsaClient (macOS)";
		};
/* End PBXContainerItemProxy section */

/* Begin PBXFileReference section */
		BD26375327F12F21001C5E38 /* Authentication.swift */ = {isa = PBXFileReference; lastKnownFileType = sourcecode.swift; path = Authentication.swift; sourceTree = "<group>"; };
		BD26375627F1482B001C5E38 /* ElsaClient (iOS).entitlements */ = {isa = PBXFileReference; lastKnownFileType = text.plist.entitlements; path = "ElsaClient (iOS).entitlements"; sourceTree = "<group>"; };
		BD26375827F1482B001C5E38 /* NetworkExtension.framework */ = {isa = PBXFileReference; lastKnownFileType = wrapper.framework; name = NetworkExtension.framework; path = Platforms/iPhoneOS.platform/Developer/SDKs/iPhoneOS15.4.sdk/System/Library/Frameworks/NetworkExtension.framework; sourceTree = DEVELOPER_DIR; };
		BDAB6AD827D0FB9500BA4F0B /* ElsaClientApp.swift */ = {isa = PBXFileReference; lastKnownFileType = sourcecode.swift; path = ElsaClientApp.swift; sourceTree = "<group>"; };
		BDAB6AD927D0FB9500BA4F0B /* ContentView.swift */ = {isa = PBXFileReference; lastKnownFileType = sourcecode.swift; path = ContentView.swift; sourceTree = "<group>"; };
		BDAB6ADA27D0FB9600BA4F0B /* Assets.xcassets */ = {isa = PBXFileReference; lastKnownFileType = folder.assetcatalog; path = Assets.xcassets; sourceTree = "<group>"; };
		BDAB6ADF27D0FB9600BA4F0B /* ElsaClient.app */ = {isa = PBXFileReference; explicitFileType = wrapper.application; includeInIndex = 0; path = ElsaClient.app; sourceTree = BUILT_PRODUCTS_DIR; };
		BDAB6AE527D0FB9600BA4F0B /* ElsaClient.app */ = {isa = PBXFileReference; explicitFileType = wrapper.application; includeInIndex = 0; path = ElsaClient.app; sourceTree = BUILT_PRODUCTS_DIR; };
		BDAB6AE727D0FB9600BA4F0B /* macOS.entitlements */ = {isa = PBXFileReference; lastKnownFileType = text.plist.entitlements; path = macOS.entitlements; sourceTree = "<group>"; };
		BDAB6AEC27D0FB9600BA4F0B /* Tests iOS.xctest */ = {isa = PBXFileReference; explicitFileType = wrapper.cfbundle; includeInIndex = 0; path = "Tests iOS.xctest"; sourceTree = BUILT_PRODUCTS_DIR; };
		BDAB6AF027D0FB9600BA4F0B /* Tests_iOS.swift */ = {isa = PBXFileReference; lastKnownFileType = sourcecode.swift; path = Tests_iOS.swift; sourceTree = "<group>"; };
		BDAB6AF227D0FB9600BA4F0B /* Tests_iOSLaunchTests.swift */ = {isa = PBXFileReference; lastKnownFileType = sourcecode.swift; path = Tests_iOSLaunchTests.swift; sourceTree = "<group>"; };
		BDAB6AF827D0FB9600BA4F0B /* Tests macOS.xctest */ = {isa = PBXFileReference; explicitFileType = wrapper.cfbundle; includeInIndex = 0; path = "Tests macOS.xctest"; sourceTree = BUILT_PRODUCTS_DIR; };
		BDAB6AFC27D0FB9600BA4F0B /* Tests_macOS.swift */ = {isa = PBXFileReference; lastKnownFileType = sourcecode.swift; path = Tests_macOS.swift; sourceTree = "<group>"; };
		BDAB6AFE27D0FB9700BA4F0B /* Tests_macOSLaunchTests.swift */ = {isa = PBXFileReference; lastKnownFileType = sourcecode.swift; path = Tests_macOSLaunchTests.swift; sourceTree = "<group>"; };
		BDBE4D7127ED07B80043F1A5 /* DictionaryWord.swift */ = {isa = PBXFileReference; lastKnownFileType = sourcecode.swift; path = DictionaryWord.swift; sourceTree = "<group>"; };
		BDBE4D7427ED07DC0043F1A5 /* DictionaryWordView.swift */ = {isa = PBXFileReference; lastKnownFileType = sourcecode.swift; path = DictionaryWordView.swift; sourceTree = "<group>"; };
/* End PBXFileReference section */

/* Begin PBXFrameworksBuildPhase section */
		BDAB6ADC27D0FB9600BA4F0B /* Frameworks */ = {
			isa = PBXFrameworksBuildPhase;
			buildActionMask = 2147483647;
			files = (
				BD26375927F1482B001C5E38 /* NetworkExtension.framework in Frameworks */,
			);
			runOnlyForDeploymentPostprocessing = 0;
		};
		BDAB6AE227D0FB9600BA4F0B /* Frameworks */ = {
			isa = PBXFrameworksBuildPhase;
			buildActionMask = 2147483647;
			files = (
			);
			runOnlyForDeploymentPostprocessing = 0;
		};
		BDAB6AE927D0FB9600BA4F0B /* Frameworks */ = {
			isa = PBXFrameworksBuildPhase;
			buildActionMask = 2147483647;
			files = (
			);
			runOnlyForDeploymentPostprocessing = 0;
		};
		BDAB6AF527D0FB9600BA4F0B /* Frameworks */ = {
			isa = PBXFrameworksBuildPhase;
			buildActionMask = 2147483647;
			files = (
			);
			runOnlyForDeploymentPostprocessing = 0;
		};
/* End PBXFrameworksBuildPhase section */

/* Begin PBXGroup section */
		BD26375727F1482B001C5E38 /* Frameworks */ = {
			isa = PBXGroup;
			children = (
				BD26375827F1482B001C5E38 /* NetworkExtension.framework */,
			);
			name = Frameworks;
			sourceTree = "<group>";
		};
		BDAB6AD227D0FB9400BA4F0B = {
			isa = PBXGroup;
			children = (
				BD26375627F1482B001C5E38 /* ElsaClient (iOS).entitlements */,
				BDAB6AD727D0FB9400BA4F0B /* Shared */,
				BDAB6AE627D0FB9600BA4F0B /* macOS */,
				BDAB6AEF27D0FB9600BA4F0B /* Tests iOS */,
				BDAB6AFB27D0FB9600BA4F0B /* Tests macOS */,
				BDAB6AE027D0FB9600BA4F0B /* Products */,
				BD26375727F1482B001C5E38 /* Frameworks */,
			);
			sourceTree = "<group>";
		};
		BDAB6AD727D0FB9400BA4F0B /* Shared */ = {
			isa = PBXGroup;
			children = (
				BDAB6AD827D0FB9500BA4F0B /* ElsaClientApp.swift */,
				BDBE4D7727ED07FB0043F1A5 /* Views */,
				BDC6419D27ECF84B00D3BC26 /* Models */,
				BDAB6ADA27D0FB9600BA4F0B /* Assets.xcassets */,
			);
			path = Shared;
			sourceTree = "<group>";
		};
		BDAB6AE027D0FB9600BA4F0B /* Products */ = {
			isa = PBXGroup;
			children = (
				BDAB6ADF27D0FB9600BA4F0B /* ElsaClient.app */,
				BDAB6AE527D0FB9600BA4F0B /* ElsaClient.app */,
				BDAB6AEC27D0FB9600BA4F0B /* Tests iOS.xctest */,
				BDAB6AF827D0FB9600BA4F0B /* Tests macOS.xctest */,
			);
			name = Products;
			sourceTree = "<group>";
		};
		BDAB6AE627D0FB9600BA4F0B /* macOS */ = {
			isa = PBXGroup;
			children = (
				BDAB6AE727D0FB9600BA4F0B /* macOS.entitlements */,
			);
			path = macOS;
			sourceTree = "<group>";
		};
		BDAB6AEF27D0FB9600BA4F0B /* Tests iOS */ = {
			isa = PBXGroup;
			children = (
				BDAB6AF027D0FB9600BA4F0B /* Tests_iOS.swift */,
				BDAB6AF227D0FB9600BA4F0B /* Tests_iOSLaunchTests.swift */,
			);
			path = "Tests iOS";
			sourceTree = "<group>";
		};
		BDAB6AFB27D0FB9600BA4F0B /* Tests macOS */ = {
			isa = PBXGroup;
			children = (
				BDAB6AFC27D0FB9600BA4F0B /* Tests_macOS.swift */,
				BDAB6AFE27D0FB9700BA4F0B /* Tests_macOSLaunchTests.swift */,
			);
			path = "Tests macOS";
			sourceTree = "<group>";
		};
		BDBE4D7727ED07FB0043F1A5 /* Views */ = {
			isa = PBXGroup;
			children = (
				BDAB6AD927D0FB9500BA4F0B /* ContentView.swift */,
				BDBE4D7427ED07DC0043F1A5 /* DictionaryWordView.swift */,
			);
			path = Views;
			sourceTree = "<group>";
		};
		BDC6419D27ECF84B00D3BC26 /* Models */ = {
			isa = PBXGroup;
			children = (
				BDBE4D7127ED07B80043F1A5 /* DictionaryWord.swift */,
				BD26375327F12F21001C5E38 /* Authentication.swift */,
			);
			path = Models;
			sourceTree = "<group>";
		};
/* End PBXGroup section */

/* Begin PBXNativeTarget section */
		BDAB6ADE27D0FB9600BA4F0B /* ElsaClient (iOS) */ = {
			isa = PBXNativeTarget;
			buildConfigurationList = BDAB6B0827D0FB9700BA4F0B /* Build configuration list for PBXNativeTarget "ElsaClient (iOS)" */;
			buildPhases = (
				BDAB6ADB27D0FB9600BA4F0B /* Sources */,
				BDAB6ADC27D0FB9600BA4F0B /* Frameworks */,
				BDAB6ADD27D0FB9600BA4F0B /* Resources */,
			);
			buildRules = (
			);
			dependencies = (
			);
			name = "ElsaClient (iOS)";
			productName = "ElsaClient (iOS)";
			productReference = BDAB6ADF27D0FB9600BA4F0B /* ElsaClient.app */;
			productType = "com.apple.product-type.application";
		};
		BDAB6AE427D0FB9600BA4F0B /* ElsaClient (macOS) */ = {
			isa = PBXNativeTarget;
			buildConfigurationList = BDAB6B0B27D0FB9700BA4F0B /* Build configuration list for PBXNativeTarget "ElsaClient (macOS)" */;
			buildPhases = (
				BDAB6AE127D0FB9600BA4F0B /* Sources */,
				BDAB6AE227D0FB9600BA4F0B /* Frameworks */,
				BDAB6AE327D0FB9600BA4F0B /* Resources */,
			);
			buildRules = (
			);
			dependencies = (
			);
			name = "ElsaClient (macOS)";
			productName = "ElsaClient (macOS)";
			productReference = BDAB6AE527D0FB9600BA4F0B /* ElsaClient.app */;
			productType = "com.apple.product-type.application";
		};
		BDAB6AEB27D0FB9600BA4F0B /* Tests iOS */ = {
			isa = PBXNativeTarget;
			buildConfigurationList = BDAB6B0E27D0FB9700BA4F0B /* Build configuration list for PBXNativeTarget "Tests iOS" */;
			buildPhases = (
				BDAB6AE827D0FB9600BA4F0B /* Sources */,
				BDAB6AE927D0FB9600BA4F0B /* Frameworks */,
				BDAB6AEA27D0FB9600BA4F0B /* Resources */,
			);
			buildRules = (
			);
			dependencies = (
				BDAB6AEE27D0FB9600BA4F0B /* PBXTargetDependency */,
			);
			name = "Tests iOS";
			productName = "Tests iOS";
			productReference = BDAB6AEC27D0FB9600BA4F0B /* Tests iOS.xctest */;
			productType = "com.apple.product-type.bundle.ui-testing";
		};
		BDAB6AF727D0FB9600BA4F0B /* Tests macOS */ = {
			isa = PBXNativeTarget;
			buildConfigurationList = BDAB6B1127D0FB9700BA4F0B /* Build configuration list for PBXNativeTarget "Tests macOS" */;
			buildPhases = (
				BDAB6AF427D0FB9600BA4F0B /* Sources */,
				BDAB6AF527D0FB9600BA4F0B /* Frameworks */,
				BDAB6AF627D0FB9600BA4F0B /* Resources */,
			);
			buildRules = (
			);
			dependencies = (
				BDAB6AFA27D0FB9600BA4F0B /* PBXTargetDependency */,
			);
			name = "Tests macOS";
			productName = "Tests macOS";
			productReference = BDAB6AF827D0FB9600BA4F0B /* Tests macOS.xctest */;
			productType = "com.apple.product-type.bundle.ui-testing";
		};
/* End PBXNativeTarget section */

/* Begin PBXProject section */
		BDAB6AD327D0FB9400BA4F0B /* Project object */ = {
			isa = PBXProject;
			attributes = {
				BuildIndependentTargetsInParallel = 1;
				LastSwiftUpdateCheck = 1320;
				LastUpgradeCheck = 1330;
				TargetAttributes = {
					BDAB6ADE27D0FB9600BA4F0B = {
						CreatedOnToolsVersion = 13.2.1;
					};
					BDAB6AE427D0FB9600BA4F0B = {
						CreatedOnToolsVersion = 13.2.1;
					};
					BDAB6AEB27D0FB9600BA4F0B = {
						CreatedOnToolsVersion = 13.2.1;
						TestTargetID = BDAB6ADE27D0FB9600BA4F0B;
					};
					BDAB6AF727D0FB9600BA4F0B = {
						CreatedOnToolsVersion = 13.2.1;
						TestTargetID = BDAB6AE427D0FB9600BA4F0B;
					};
				};
			};
			buildConfigurationList = BDAB6AD627D0FB9400BA4F0B /* Build configuration list for PBXProject "ElsaClient" */;
			compatibilityVersion = "Xcode 13.0";
			developmentRegion = en;
			hasScannedForEncodings = 0;
			knownRegions = (
				en,
				Base,
			);
			mainGroup = BDAB6AD227D0FB9400BA4F0B;
			productRefGroup = BDAB6AE027D0FB9600BA4F0B /* Products */;
			projectDirPath = "";
			projectRoot = "";
			targets = (
				BDAB6ADE27D0FB9600BA4F0B /* ElsaClient (iOS) */,
				BDAB6AE427D0FB9600BA4F0B /* ElsaClient (macOS) */,
				BDAB6AEB27D0FB9600BA4F0B /* Tests iOS */,
				BDAB6AF727D0FB9600BA4F0B /* Tests macOS */,
			);
		};
/* End PBXProject section */

/* Begin PBXResourcesBuildPhase section */
		BDAB6ADD27D0FB9600BA4F0B /* Resources */ = {
			isa = PBXResourcesBuildPhase;
			buildActionMask = 2147483647;
			files = (
				BDAB6B0427D0FB9700BA4F0B /* Assets.xcassets in Resources */,
			);
			runOnlyForDeploymentPostprocessing = 0;
		};
		BDAB6AE327D0FB9600BA4F0B /* Resources */ = {
			isa = PBXResourcesBuildPhase;
			buildActionMask = 2147483647;
			files = (
				BDAB6B0527D0FB9700BA4F0B /* Assets.xcassets in Resources */,
			);
			runOnlyForDeploymentPostprocessing = 0;
		};
		BDAB6AEA27D0FB9600BA4F0B /* Resources */ = {
			isa = PBXResourcesBuildPhase;
			buildActionMask = 2147483647;
			files = (
			);
			runOnlyForDeploymentPostprocessing = 0;
		};
		BDAB6AF627D0FB9600BA4F0B /* Resources */ = {
			isa = PBXResourcesBuildPhase;
			buildActionMask = 2147483647;
			files = (
			);
			runOnlyForDeploymentPostprocessing = 0;
		};
/* End PBXResourcesBuildPhase section */

/* Begin PBXSourcesBuildPhase section */
		BDAB6ADB27D0FB9600BA4F0B /* Sources */ = {
			isa = PBXSourcesBuildPhase;
			buildActionMask = 2147483647;
			files = (
				BDBE4D7527ED07DC0043F1A5 /* DictionaryWordView.swift in Sources */,
				BDAB6B0227D0FB9700BA4F0B /* ContentView.swift in Sources */,
				BDAB6B0027D0FB9700BA4F0B /* ElsaClientApp.swift in Sources */,
				BD26375427F12F21001C5E38 /* Authentication.swift in Sources */,
				BDBE4D7227ED07B80043F1A5 /* DictionaryWord.swift in Sources */,
			);
			runOnlyForDeploymentPostprocessing = 0;
		};
		BDAB6AE127D0FB9600BA4F0B /* Sources */ = {
			isa = PBXSourcesBuildPhase;
			buildActionMask = 2147483647;
			files = (
				BDBE4D7627ED07DC0043F1A5 /* DictionaryWordView.swift in Sources */,
				BDAB6B0327D0FB9700BA4F0B /* ContentView.swift in Sources */,
				BDAB6B0127D0FB9700BA4F0B /* ElsaClientApp.swift in Sources */,
				BD26375527F12F21001C5E38 /* Authentication.swift in Sources */,
				BDBE4D7327ED07B80043F1A5 /* DictionaryWord.swift in Sources */,
			);
			runOnlyForDeploymentPostprocessing = 0;
		};
		BDAB6AE827D0FB9600BA4F0B /* Sources */ = {
			isa = PBXSourcesBuildPhase;
			buildActionMask = 2147483647;
			files = (
				BDAB6AF327D0FB9600BA4F0B /* Tests_iOSLaunchTests.swift in Sources */,
				BDAB6AF127D0FB9600BA4F0B /* Tests_iOS.swift in Sources */,
			);
			runOnlyForDeploymentPostprocessing = 0;
		};
		BDAB6AF427D0FB9600BA4F0B /* Sources */ = {
			isa = PBXSourcesBuildPhase;
			buildActionMask = 2147483647;
			files = (
				BDAB6AFF27D0FB9700BA4F0B /* Tests_macOSLaunchTests.swift in Sources */,
				BDAB6AFD27D0FB9600BA4F0B /* Tests_macOS.swift in Sources */,
			);
			runOnlyForDeploymentPostprocessing = 0;
		};
/* End PBXSourcesBuildPhase section */

/* Begin PBXTargetDependency section */
		BDAB6AEE27D0FB9600BA4F0B /* PBXTargetDependency */ = {
			isa = PBXTargetDependency;
			target = BDAB6ADE27D0FB9600BA4F0B /* ElsaClient (iOS) */;
			targetProxy = BDAB6AED27D0FB9600BA4F0B /* PBXContainerItemProxy */;
		};
		BDAB6AFA27D0FB9600BA4F0B /* PBXTargetDependency */ = {
			isa = PBXTargetDependency;
			target = BDAB6AE427D0FB9600BA4F0B /* ElsaClient (macOS) */;
			targetProxy = BDAB6AF927D0FB9600BA4F0B /* PBXContainerItemProxy */;
		};
/* End PBXTargetDependency section */

/* Begin XCBuildConfiguration section */
		BDAB6B0627D0FB9700BA4F0B /* Debug */ = {
			isa = XCBuildConfiguration;
			buildSettings = {
				ALWAYS_SEARCH_USER_PATHS = NO;
				CLANG_ANALYZER_NONNULL = YES;
				CLANG_ANALYZER_NUMBER_OBJECT_CONVERSION = YES_AGGRESSIVE;
				CLANG_CXX_LANGUAGE_STANDARD = "gnu++17";
				CLANG_CXX_LIBRARY = "libc++";
				CLANG_ENABLE_MODULES = YES;
				CLANG_ENABLE_OBJC_ARC = YES;
				CLANG_ENABLE_OBJC_WEAK = YES;
				CLANG_WARN_BLOCK_CAPTURE_AUTORELEASING = YES;
				CLANG_WARN_BOOL_CONVERSION = YES;
				CLANG_WARN_COMMA = YES;
				CLANG_WARN_CONSTANT_CONVERSION = YES;
				CLANG_WARN_DEPRECATED_OBJC_IMPLEMENTATIONS = YES;
				CLANG_WARN_DIRECT_OBJC_ISA_USAGE = YES_ERROR;
				CLANG_WARN_DOCUMENTATION_COMMENTS = YES;
				CLANG_WARN_EMPTY_BODY = YES;
				CLANG_WARN_ENUM_CONVERSION = YES;
				CLANG_WARN_INFINITE_RECURSION = YES;
				CLANG_WARN_INT_CONVERSION = YES;
				CLANG_WARN_NON_LITERAL_NULL_CONVERSION = YES;
				CLANG_WARN_OBJC_IMPLICIT_RETAIN_SELF = YES;
				CLANG_WARN_OBJC_LITERAL_CONVERSION = YES;
				CLANG_WARN_OBJC_ROOT_CLASS = YES_ERROR;
				CLANG_WARN_QUOTED_INCLUDE_IN_FRAMEWORK_HEADER = YES;
				CLANG_WARN_RANGE_LOOP_ANALYSIS = YES;
				CLANG_WARN_STRICT_PROTOTYPES = YES;
				CLANG_WARN_SUSPICIOUS_MOVE = YES;
				CLANG_WARN_UNGUARDED_AVAILABILITY = YES_AGGRESSIVE;
				CLANG_WARN_UNREACHABLE_CODE = YES;
				CLANG_WARN__DUPLICATE_METHOD_MATCH = YES;
				COPY_PHASE_STRIP = NO;
				DEBUG_INFORMATION_FORMAT = dwarf;
				ENABLE_STRICT_OBJC_MSGSEND = YES;
				ENABLE_TESTABILITY = YES;
				GCC_C_LANGUAGE_STANDARD = gnu11;
				GCC_DYNAMIC_NO_PIC = NO;
				GCC_NO_COMMON_BLOCKS = YES;
				GCC_OPTIMIZATION_LEVEL = 0;
				GCC_PREPROCESSOR_DEFINITIONS = (
					"DEBUG=1",
					"$(inherited)",
				);
				GCC_WARN_64_TO_32_BIT_CONVERSION = YES;
				GCC_WARN_ABOUT_RETURN_TYPE = YES_ERROR;
				GCC_WARN_UNDECLARED_SELECTOR = YES;
				GCC_WARN_UNINITIALIZED_AUTOS = YES_AGGRESSIVE;
				GCC_WARN_UNUSED_FUNCTION = YES;
				GCC_WARN_UNUSED_VARIABLE = YES;
				MTL_ENABLE_DEBUG_INFO = INCLUDE_SOURCE;
				MTL_FAST_MATH = YES;
				ONLY_ACTIVE_ARCH = YES;
				SWIFT_ACTIVE_COMPILATION_CONDITIONS = DEBUG;
				SWIFT_OPTIMIZATION_LEVEL = "-Onone";
			};
			name = Debug;
		};
		BDAB6B0727D0FB9700BA4F0B /* Release */ = {
			isa = XCBuildConfiguration;
			buildSettings = {
				ALWAYS_SEARCH_USER_PATHS = NO;
				CLANG_ANALYZER_NONNULL = YES;
				CLANG_ANALYZER_NUMBER_OBJECT_CONVERSION = YES_AGGRESSIVE;
				CLANG_CXX_LANGUAGE_STANDARD = "gnu++17";
				CLANG_CXX_LIBRARY = "libc++";
				CLANG_ENABLE_MODULES = YES;
				CLANG_ENABLE_OBJC_ARC = YES;
				CLANG_ENABLE_OBJC_WEAK = YES;
				CLANG_WARN_BLOCK_CAPTURE_AUTORELEASING = YES;
				CLANG_WARN_BOOL_CONVERSION = YES;
				CLANG_WARN_COMMA = YES;
				CLANG_WARN_CONSTANT_CONVERSION = YES;
				CLANG_WARN_DEPRECATED_OBJC_IMPLEMENTATIONS = YES;
				CLANG_WARN_DIRECT_OBJC_ISA_USAGE = YES_ERROR;
				CLANG_WARN_DOCUMENTATION_COMMENTS = YES;
				CLANG_WARN_EMPTY_BODY = YES;
				CLANG_WARN_ENUM_CONVERSION = YES;
				CLANG_WARN_INFINITE_RECURSION = YES;
				CLANG_WARN_INT_CONVERSION = YES;
				CLANG_WARN_NON_LITERAL_NULL_CONVERSION = YES;
				CLANG_WARN_OBJC_IMPLICIT_RETAIN_SELF = YES;
				CLANG_WARN_OBJC_LITERAL_CONVERSION = YES;
				CLANG_WARN_OBJC_ROOT_CLASS = YES_ERROR;
				CLANG_WARN_QUOTED_INCLUDE_IN_FRAMEWORK_HEADER = YES;
				CLANG_WARN_RANGE_LOOP_ANALYSIS = YES;
				CLANG_WARN_STRICT_PROTOTYPES = YES;
				CLANG_WARN_SUSPICIOUS_MOVE = YES;
				CLANG_WARN_UNGUARDED_AVAILABILITY = YES_AGGRESSIVE;
				CLANG_WARN_UNREACHABLE_CODE = YES;
				CLANG_WARN__DUPLICATE_METHOD_MATCH = YES;
				COPY_PHASE_STRIP = NO;
				DEBUG_INFORMATION_FORMAT = "dwarf-with-dsym";
				ENABLE_NS_ASSERTIONS = NO;
				ENABLE_STRICT_OBJC_MSGSEND = YES;
				GCC_C_LANGUAGE_STANDARD = gnu11;
				GCC_NO_COMMON_BLOCKS = YES;
				GCC_WARN_64_TO_32_BIT_CONVERSION = YES;
				GCC_WARN_ABOUT_RETURN_TYPE = YES_ERROR;
				GCC_WARN_UNDECLARED_SELECTOR = YES;
				GCC_WARN_UNINITIALIZED_AUTOS = YES_AGGRESSIVE;
				GCC_WARN_UNUSED_FUNCTION = YES;
				GCC_WARN_UNUSED_VARIABLE = YES;
				MTL_ENABLE_DEBUG_INFO = NO;
				MTL_FAST_MATH = YES;
				SWIFT_COMPILATION_MODE = wholemodule;
				SWIFT_OPTIMIZATION_LEVEL = "-O";
			};
			name = Release;
		};
		BDAB6B0927D0FB9700BA4F0B /* Debug */ = {
			isa = XCBuildConfiguration;
			buildSettings = {
				ASSETCATALOG_COMPILER_APPICON_NAME = AppIcon;
				ASSETCATALOG_COMPILER_GLOBAL_ACCENT_COLOR_NAME = AccentColor;
				CODE_SIGN_ENTITLEMENTS = "ElsaClient (iOS).entitlements";
				CODE_SIGN_STYLE = Automatic;
				CURRENT_PROJECT_VERSION = 1;
				DEVELOPMENT_TEAM = 3GGB9J5232;
				ENABLE_PREVIEWS = YES;
				GENERATE_INFOPLIST_FILE = YES;
				INFOPLIST_KEY_UIApplicationSceneManifest_Generation = YES;
				INFOPLIST_KEY_UIApplicationSupportsIndirectInputEvents = YES;
				INFOPLIST_KEY_UILaunchScreen_Generation = YES;
				INFOPLIST_KEY_UISupportedInterfaceOrientations_iPad = "UIInterfaceOrientationPortrait UIInterfaceOrientationPortraitUpsideDown UIInterfaceOrientationLandscapeLeft UIInterfaceOrientationLandscapeRight";
				INFOPLIST_KEY_UISupportedInterfaceOrientations_iPhone = "UIInterfaceOrientationPortrait UIInterfaceOrientationLandscapeLeft UIInterfaceOrientationLandscapeRight";
				IPHONEOS_DEPLOYMENT_TARGET = 15.2;
				LD_RUNPATH_SEARCH_PATHS = (
					"$(inherited)",
					"@executable_path/Frameworks",
				);
				MARKETING_VERSION = 1.0;
				PRODUCT_BUNDLE_IDENTIFIER = com.caris.ElsaClient;
				PRODUCT_NAME = ElsaClient;
				SDKROOT = iphoneos;
				SUPPORTS_MACCATALYST = YES;
				SWIFT_EMIT_LOC_STRINGS = YES;
				SWIFT_VERSION = 5.0;
				TARGETED_DEVICE_FAMILY = "1,2";
			};
			name = Debug;
		};
		BDAB6B0A27D0FB9700BA4F0B /* Release */ = {
			isa = XCBuildConfiguration;
			buildSettings = {
				ASSETCATALOG_COMPILER_APPICON_NAME = AppIcon;
				ASSETCATALOG_COMPILER_GLOBAL_ACCENT_COLOR_NAME = AccentColor;
				CODE_SIGN_ENTITLEMENTS = "ElsaClient (iOS).entitlements";
				CODE_SIGN_STYLE = Automatic;
				CURRENT_PROJECT_VERSION = 1;
				DEVELOPMENT_TEAM = 3GGB9J5232;
				ENABLE_PREVIEWS = YES;
				GENERATE_INFOPLIST_FILE = YES;
				INFOPLIST_KEY_UIApplicationSceneManifest_Generation = YES;
				INFOPLIST_KEY_UIApplicationSupportsIndirectInputEvents = YES;
				INFOPLIST_KEY_UILaunchScreen_Generation = YES;
				INFOPLIST_KEY_UISupportedInterfaceOrientations_iPad = "UIInterfaceOrientationPortrait UIInterfaceOrientationPortraitUpsideDown UIInterfaceOrientationLandscapeLeft UIInterfaceOrientationLandscapeRight";
				INFOPLIST_KEY_UISupportedInterfaceOrientations_iPhone = "UIInterfaceOrientationPortrait UIInterfaceOrientationLandscapeLeft UIInterfaceOrientationLandscapeRight";
				IPHONEOS_DEPLOYMENT_TARGET = 15.2;
				LD_RUNPATH_SEARCH_PATHS = (
					"$(inherited)",
					"@executable_path/Frameworks",
				);
				MARKETING_VERSION = 1.0;
				PRODUCT_BUNDLE_IDENTIFIER = com.caris.ElsaClient;
				PRODUCT_NAME = ElsaClient;
				SDKROOT = iphoneos;
				SUPPORTS_MACCATALYST = YES;
				SWIFT_EMIT_LOC_STRINGS = YES;
				SWIFT_VERSION = 5.0;
				TARGETED_DEVICE_FAMILY = "1,2";
				VALIDATE_PRODUCT = YES;
			};
			name = Release;
		};
		BDAB6B0C27D0FB9700BA4F0B /* Debug */ = {
			isa = XCBuildConfiguration;
			buildSettings = {
				ASSETCATALOG_COMPILER_APPICON_NAME = AppIcon;
				ASSETCATALOG_COMPILER_GLOBAL_ACCENT_COLOR_NAME = AccentColor;
				CODE_SIGN_ENTITLEMENTS = macOS/macOS.entitlements;
				CODE_SIGN_IDENTITY = "-";
				CODE_SIGN_STYLE = Automatic;
				COMBINE_HIDPI_IMAGES = YES;
				CURRENT_PROJECT_VERSION = 1;
				DEVELOPMENT_TEAM = 3GGB9J5232;
				ENABLE_HARDENED_RUNTIME = YES;
				ENABLE_PREVIEWS = YES;
				GENERATE_INFOPLIST_FILE = YES;
				INFOPLIST_KEY_NSHumanReadableCopyright = "";
				LD_RUNPATH_SEARCH_PATHS = (
					"$(inherited)",
					"@executable_path/../Frameworks",
				);
				MACOSX_DEPLOYMENT_TARGET = 12.1;
				MARKETING_VERSION = 1.0;
				PRODUCT_BUNDLE_IDENTIFIER = com.caris.ElsaClient;
				PRODUCT_NAME = ElsaClient;
				SDKROOT = macosx;
				SWIFT_EMIT_LOC_STRINGS = YES;
				SWIFT_VERSION = 5.0;
			};
			name = Debug;
		};
		BDAB6B0D27D0FB9700BA4F0B /* Release */ = {
			isa = XCBuildConfiguration;
			buildSettings = {
				ASSETCATALOG_COMPILER_APPICON_NAME = AppIcon;
				ASSETCATALOG_COMPILER_GLOBAL_ACCENT_COLOR_NAME = AccentColor;
				CODE_SIGN_ENTITLEMENTS = macOS/macOS.entitlements;
				CODE_SIGN_IDENTITY = "-";
				CODE_SIGN_STYLE = Automatic;
				COMBINE_HIDPI_IMAGES = YES;
				CURRENT_PROJECT_VERSION = 1;
				DEVELOPMENT_TEAM = 3GGB9J5232;
				ENABLE_HARDENED_RUNTIME = YES;
				ENABLE_PREVIEWS = YES;
				GENERATE_INFOPLIST_FILE = YES;
				INFOPLIST_KEY_NSHumanReadableCopyright = "";
				LD_RUNPATH_SEARCH_PATHS = (
					"$(inherited)",
					"@executable_path/../Frameworks",
				);
				MACOSX_DEPLOYMENT_TARGET = 12.1;
				MARKETING_VERSION = 1.0;
				PRODUCT_BUNDLE_IDENTIFIER = com.caris.ElsaClient;
				PRODUCT_NAME = ElsaClient;
				SDKROOT = macosx;
				SWIFT_EMIT_LOC_STRINGS = YES;
				SWIFT_VERSION = 5.0;
			};
			name = Release;
		};
		BDAB6B0F27D0FB9700BA4F0B /* Debug */ = {
			isa = XCBuildConfiguration;
			buildSettings = {
				ALWAYS_EMBED_SWIFT_STANDARD_LIBRARIES = YES;
				CODE_SIGN_STYLE = Automatic;
				CURRENT_PROJECT_VERSION = 1;
				DEVELOPMENT_TEAM = 3GGB9J5232;
				GENERATE_INFOPLIST_FILE = YES;
				IPHONEOS_DEPLOYMENT_TARGET = 15.2;
				MARKETING_VERSION = 1.0;
				PRODUCT_BUNDLE_IDENTIFIER = "com.caris.Tests-iOS";
				PRODUCT_NAME = "$(TARGET_NAME)";
				SDKROOT = iphoneos;
				SWIFT_EMIT_LOC_STRINGS = NO;
				SWIFT_VERSION = 5.0;
				TARGETED_DEVICE_FAMILY = "1,2";
				TEST_TARGET_NAME = "ElsaClient (iOS)";
			};
			name = Debug;
		};
		BDAB6B1027D0FB9700BA4F0B /* Release */ = {
			isa = XCBuildConfiguration;
			buildSettings = {
				ALWAYS_EMBED_SWIFT_STANDARD_LIBRARIES = YES;
				CODE_SIGN_STYLE = Automatic;
				CURRENT_PROJECT_VERSION = 1;
				DEVELOPMENT_TEAM = 3GGB9J5232;
				GENERATE_INFOPLIST_FILE = YES;
				IPHONEOS_DEPLOYMENT_TARGET = 15.2;
				MARKETING_VERSION = 1.0;
				PRODUCT_BUNDLE_IDENTIFIER = "com.caris.Tests-iOS";
				PRODUCT_NAME = "$(TARGET_NAME)";
				SDKROOT = iphoneos;
				SWIFT_EMIT_LOC_STRINGS = NO;
				SWIFT_VERSION = 5.0;
				TARGETED_DEVICE_FAMILY = "1,2";
				TEST_TARGET_NAME = "ElsaClient (iOS)";
				VALIDATE_PRODUCT = YES;
			};
			name = Release;
		};
		BDAB6B1227D0FB9700BA4F0B /* Debug */ = {
			isa = XCBuildConfiguration;
			buildSettings = {
				ALWAYS_EMBED_SWIFT_STANDARD_LIBRARIES = YES;
				CODE_SIGN_STYLE = Automatic;
				CURRENT_PROJECT_VERSION = 1;
				DEVELOPMENT_TEAM = 3GGB9J5232;
				GENERATE_INFOPLIST_FILE = YES;
				MACOSX_DEPLOYMENT_TARGET = 12.1;
				MARKETING_VERSION = 1.0;
				PRODUCT_BUNDLE_IDENTIFIER = "com.caris.Tests-macOS";
				PRODUCT_NAME = "$(TARGET_NAME)";
				SDKROOT = macosx;
				SWIFT_EMIT_LOC_STRINGS = NO;
				SWIFT_VERSION = 5.0;
				TEST_TARGET_NAME = "ElsaClient (macOS)";
			};
			name = Debug;
		};
		BDAB6B1327D0FB9700BA4F0B /* Release */ = {
			isa = XCBuildConfiguration;
			buildSettings = {
				ALWAYS_EMBED_SWIFT_STANDARD_LIBRARIES = YES;
				CODE_SIGN_STYLE = Automatic;
				CURRENT_PROJECT_VERSION = 1;
				DEVELOPMENT_TEAM = 3GGB9J5232;
				GENERATE_INFOPLIST_FILE = YES;
				MACOSX_DEPLOYMENT_TARGET = 12.1;
				MARKETING_VERSION = 1.0;
				PRODUCT_BUNDLE_IDENTIFIER = "com.caris.Tests-macOS";
				PRODUCT_NAME = "$(TARGET_NAME)";
				SDKROOT = macosx;
				SWIFT_EMIT_LOC_STRINGS = NO;
				SWIFT_VERSION = 5.0;
				TEST_TARGET_NAME = "ElsaClient (macOS)";
			};
			name = Release;
		};
/* End XCBuildConfiguration section */

/* Begin XCConfigurationList section */
		BDAB6AD627D0FB9400BA4F0B /* Build configuration list for PBXProject "ElsaClient" */ = {
			isa = XCConfigurationList;
			buildConfigurations = (
				BDAB6B0627D0FB9700BA4F0B /* Debug */,
				BDAB6B0727D0FB9700BA4F0B /* Release */,
			);
			defaultConfigurationIsVisible = 0;
			defaultConfigurationName = Release;
		};
		BDAB6B0827D0FB9700BA4F0B /* Build configuration list for PBXNativeTarget "ElsaClient (iOS)" */ = {
			isa = XCConfigurationList;
			buildConfigurations = (
				BDAB6B0927D0FB9700BA4F0B /* Debug */,
				BDAB6B0A27D0FB9700BA4F0B /* Release */,
			);
			defaultConfigurationIsVisible = 0;
			defaultConfigurationName = Release;
		};
		BDAB6B0B27D0FB9700BA4F0B /* Build configuration list for PBXNativeTarget "ElsaClient (macOS)" */ = {
			isa = XCConfigurationList;
			buildConfigurations = (
				BDAB6B0C27D0FB9700BA4F0B /* Debug */,
				BDAB6B0D27D0FB9700BA4F0B /* Release */,
			);
			defaultConfigurationIsVisible = 0;
			defaultConfigurationName = Release;
		};
		BDAB6B0E27D0FB9700BA4F0B /* Build configuration list for PBXNativeTarget "Tests iOS" */ = {
			isa = XCConfigurationList;
			buildConfigurations = (
				BDAB6B0F27D0FB9700BA4F0B /* Debug */,
				BDAB6B1027D0FB9700BA4F0B /* Release */,
			);
			defaultConfigurationIsVisible = 0;
			defaultConfigurationName = Release;
		};
		BDAB6B1127D0FB9700BA4F0B /* Build configuration list for PBXNativeTarget "Tests macOS" */ = {
			isa = XCConfigurationList;
			buildConfigurations = (
				BDAB6B1227D0FB9700BA4F0B /* Debug */,
				BDAB6B1327D0FB9700BA4F0B /* Release */,
			);
			defaultConfigurationIsVisible = 0;
			defaultConfigurationName = Release;
		};
/* End XCConfigurationList section */
	};
	rootObject = BDAB6AD327D0FB9400BA4F0B /* Project object */;
}
